
Microsoft Visual Studio Solution File, Format Version 12.00
# Visual Studio Version 17
VisualStudioVersion = 17.2.32602.215
MinimumVisualStudioVersion = 10.0.40219.1
Project("{FAE04EC0-301F-11D3-BF4B-00C04F79EFBC}") = "CyptographyAlgorithms", "CyptographyAlgorithms\CyptographyAlgorithms.csproj", "{3B65B44E-2DF6-4777-8E5F-09E35312C289}"
EndProject
Project("{FAE04EC0-301F-11D3-BF4B-00C04F79EFBC}") = "CyptographyAlgorithms.Console", "CyptographyAlgorithms.Console\CyptographyAlgorithms.Console.csproj", "{83B7D846-3585-4F59-B514-32729F68F965}"
EndProject
Global
	GlobalSection(SolutionConfigurationPlatforms) = preSolution
		Debug|Any CPU = Debug|Any CPU
		Release|Any CPU = Release|Any CPU
	EndGlobalSection
	GlobalSection(ProjectConfigurationPlatforms) = postSolution
		{3B65B44E-2DF6-4777-8E5F-09E35312C289}.Debug|Any CPU.ActiveCfg = Debug|Any CPU
		{3B65B44E-2DF6-4777-8E5F-09E35312C289}.Debug|Any CPU.Build.0 = Debug|Any CPU
		{3B65B44E-2DF6-4777-8E5F-09E35312C289}.Release|Any CPU.ActiveCfg = Release|Any CPU
		{3B65B44E-2DF6-4777-8E5F-09E35312C289}.Release|Any CPU.Build.0 = Release|Any CPU
		{83B7D846-3585-4F59-B514-32729F68F965}.Debug|Any CPU.ActiveCfg = Debug|Any CPU
		{83B7D846-3585-4F59-B514-32729F68F965}.Debug|Any CPU.Build.0 = Debug|Any CPU
		{83B7D846-3585-4F59-B514-32729F68F965}.Release|Any CPU.ActiveCfg = Release|Any CPU
		{83B7D846-3585-4F59-B514-32729F68F965}.Release|Any CPU.Build.0 = Release|Any CPU
	EndGlobalSection
	GlobalSection(SolutionProperties) = preSolution
		HideSolutionNode = FALSE
	EndGlobalSection
	GlobalSection(ExtensibilityGlobals) = postSolution
		SolutionGuid = {E4BEDB34-93A0-4E90-B8C5-10C8F5EB4F0D}
	EndGlobalSection
EndGlobal
